// !$*UTF8*$!
{
	archiveVersion = 1;
	classes = {
	};
	objectVersion = 46;
	objects = {

/* Begin PBXBuildFile section */
		FA18465D1EBCF3D3003D4E79 /* AppDelegate.swift in Sources */ = {isa = PBXBuildFile; fileRef = FA18465C1EBCF3D3003D4E79 /* AppDelegate.swift */; };
		FA18465F1EBCF3D3003D4E79 /* ViewController.swift in Sources */ = {isa = PBXBuildFile; fileRef = FA18465E1EBCF3D3003D4E79 /* ViewController.swift */; };
		FA1846621EBCF3D3003D4E79 /* Main.storyboard in Resources */ = {isa = PBXBuildFile; fileRef = FA1846601EBCF3D3003D4E79 /* Main.storyboard */; };
		FA1846641EBCF3D3003D4E79 /* Assets.xcassets in Resources */ = {isa = PBXBuildFile; fileRef = FA1846631EBCF3D3003D4E79 /* Assets.xcassets */; };
		FA1846671EBCF3D3003D4E79 /* LaunchScreen.storyboard in Resources */ = {isa = PBXBuildFile; fileRef = FA1846651EBCF3D3003D4E79 /* LaunchScreen.storyboard */; };
		FA1FBC1D1F89EC1600B4080E /* BartisUtilities.framework in Frameworks */ = {isa = PBXBuildFile; fileRef = FA1FBC1C1F89EC0400B4080E /* BartisUtilities.framework */; };
/* End PBXBuildFile section */

/* Begin PBXFileReference section */
		FA1846591EBCF3D3003D4E79 /* SampleApp.app */ = {isa = PBXFileReference; explicitFileType = wrapper.application; includeInIndex = 0; path = SampleApp.app; sourceTree = BUILT_PRODUCTS_DIR; };
		FA18465C1EBCF3D3003D4E79 /* AppDelegate.swift */ = {isa = PBXFileReference; lastKnownFileType = sourcecode.swift; path = AppDelegate.swift; sourceTree = "<group>"; };
		FA18465E1EBCF3D3003D4E79 /* ViewController.swift */ = {isa = PBXFileReference; lastKnownFileType = sourcecode.swift; path = ViewController.swift; sourceTree = "<group>"; };
		FA1846611EBCF3D3003D4E79 /* Base */ = {isa = PBXFileReference; lastKnownFileType = file.storyboard; name = Base; path = Base.lproj/Main.storyboard; sourceTree = "<group>"; };
		FA1846631EBCF3D3003D4E79 /* Assets.xcassets */ = {isa = PBXFileReference; lastKnownFileType = folder.assetcatalog; path = Assets.xcassets; sourceTree = "<group>"; };
		FA1846661EBCF3D3003D4E79 /* Base */ = {isa = PBXFileReference; lastKnownFileType = file.storyboard; name = Base; path = Base.lproj/LaunchScreen.storyboard; sourceTree = "<group>"; };
		FA1846681EBCF3D3003D4E79 /* Info.plist */ = {isa = PBXFileReference; lastKnownFileType = text.plist.xml; path = Info.plist; sourceTree = "<group>"; };
		FA1FBC1C1F89EC0400B4080E /* BartisUtilities.framework */ = {isa = PBXFileReference; lastKnownFileType = wrapper.framework; name = BartisUtilities.framework; path = "../Output/BartisUtilities-Debug-iphoneuniversal/BartisUtilities.framework"; sourceTree = "<group>"; };
/* End PBXFileReference section */

/* Begin PBXFrameworksBuildPhase section */
		FA1846561EBCF3D3003D4E79 /* Frameworks */ = {
			isa = PBXFrameworksBuildPhase;
			buildActionMask = 2147483647;
			files = (
				FA1FBC1D1F89EC1600B4080E /* BartisUtilities.framework in Frameworks */,
			);
			runOnlyForDeploymentPostprocessing = 0;
		};
/* End PBXFrameworksBuildPhase section */

/* Begin PBXGroup section */
		FA1846501EBCF3D2003D4E79 = {
			isa = PBXGroup;
			children = (
				FA18465B1EBCF3D3003D4E79 /* SampleApp */,
				FA18465A1EBCF3D3003D4E79 /* Products */,
				FA18466E1EBCF3EB003D4E79 /* Frameworks */,
			);
			sourceTree = "<group>";
		};
		FA18465A1EBCF3D3003D4E79 /* Products */ = {
			isa = PBXGroup;
			children = (
				FA1846591EBCF3D3003D4E79 /* SampleApp.app */,
			);
			name = Products;
			sourceTree = "<group>";
		};
		FA18465B1EBCF3D3003D4E79 /* SampleApp */ = {
			isa = PBXGroup;
			children = (
				FA18465C1EBCF3D3003D4E79 /* AppDelegate.swift */,
				FA18465E1EBCF3D3003D4E79 /* ViewController.swift */,
				FA1846601EBCF3D3003D4E79 /* Main.storyboard */,
				FA1846631EBCF3D3003D4E79 /* Assets.xcassets */,
				FA1846651EBCF3D3003D4E79 /* LaunchScreen.storyboard */,
				FA1846681EBCF3D3003D4E79 /* Info.plist */,
			);
			path = SampleApp;
			sourceTree = "<group>";
		};
		FA18466E1EBCF3EB003D4E79 /* Frameworks */ = {
			isa = PBXGroup;
			children = (
				FA1FBC1C1F89EC0400B4080E /* BartisUtilities.framework */,
			);
			name = Frameworks;
			sourceTree = "<group>";
		};
/* End PBXGroup section */

/* Begin PBXNativeTarget section */
		FA1846581EBCF3D3003D4E79 /* SampleApp */ = {
			isa = PBXNativeTarget;
			buildConfigurationList = FA18466B1EBCF3D3003D4E79 /* Build configuration list for PBXNativeTarget "SampleApp" */;
			buildPhases = (
				FA1846551EBCF3D3003D4E79 /* Sources */,
				FA1846561EBCF3D3003D4E79 /* Frameworks */,
				FA1846571EBCF3D3003D4E79 /* Resources */,
			);
			buildRules = (
			);
			dependencies = (
			);
			name = SampleApp;
			productName = SampleApp;
			productReference = FA1846591EBCF3D3003D4E79 /* SampleApp.app */;
			productType = "com.apple.product-type.application";
		};
/* End PBXNativeTarget section */

/* Begin PBXProject section */
		FA1846511EBCF3D2003D4E79 /* Project object */ = {
			isa = PBXProject;
			attributes = {
				LastSwiftUpdateCheck = 0830;
				LastUpgradeCheck = 0930;
				ORGANIZATIONNAME = "Alex Bartis";
				TargetAttributes = {
					FA1846581EBCF3D3003D4E79 = {
						CreatedOnToolsVersion = 8.3.2;
						DevelopmentTeam = JEW4ZQXUL9;
						ProvisioningStyle = Automatic;
					};
				};
			};
			buildConfigurationList = FA1846541EBCF3D2003D4E79 /* Build configuration list for PBXProject "SampleApp" */;
			compatibilityVersion = "Xcode 3.2";
			developmentRegion = English;
			hasScannedForEncodings = 0;
			knownRegions = (
				en,
				Base,
			);
			mainGroup = FA1846501EBCF3D2003D4E79;
			productRefGroup = FA18465A1EBCF3D3003D4E79 /* Products */;
			projectDirPath = "";
			projectRoot = "";
			targets = (
				FA1846581EBCF3D3003D4E79 /* SampleApp */,
			);
		};
/* End PBXProject section */

/* Begin PBXResourcesBuildPhase section */
		FA1846571EBCF3D3003D4E79 /* Resources */ = {
			isa = PBXResourcesBuildPhase;
			buildActionMask = 2147483647;
			files = (
				FA1846671EBCF3D3003D4E79 /* LaunchScreen.storyboard in Resources */,
				FA1846641EBCF3D3003D4E79 /* Assets.xcassets in Resources */,
				FA1846621EBCF3D3003D4E79 /* Main.storyboard in Resources */,
			);
			runOnlyForDeploymentPostprocessing = 0;
		};
/* End PBXResourcesBuildPhase section */

/* Begin PBXSourcesBuildPhase section */
		FA1846551EBCF3D3003D4E79 /* Sources */ = {
			isa = PBXSourcesBuildPhase;
			buildActionMask = 2147483647;
			files = (
				FA18465F1EBCF3D3003D4E79 /* ViewController.swift in Sources */,
				FA18465D1EBCF3D3003D4E79 /* AppDelegate.swift in Sources */,
			);
			runOnlyForDeploymentPostprocessing = 0;
		};
/* End PBXSourcesBuildPhase section */

/* Begin PBXVariantGroup section */
		FA1846601EBCF3D3003D4E79 /* Main.storyboard */ = {
			isa = PBXVariantGroup;
			children = (
				FA1846611EBCF3D3003D4E79 /* Base */,
			);
			name = Main.storyboard;
			sourceTree = "<group>";
		};
		FA1846651EBCF3D3003D4E79 /* LaunchScreen.storyboard */ = {
			isa = PBXVariantGroup;
			children = (
				FA1846661EBCF3D3003D4E79 /* Base */,
			);
			name = LaunchScreen.storyboard;
			sourceTree = "<group>";
		};
/* End PBXVariantGroup section */

/* Begin XCBuildConfiguration section */
		FA1846691EBCF3D3003D4E79 /* Debug */ = {
			isa = XCBuildConfiguration;
			buildSettings = {
				ALWAYS_SEARCH_USER_PATHS = NO;
				CLANG_ANALYZER_NONNULL = YES;
				CLANG_ANALYZER_NUMBER_OBJECT_CONVERSION = YES_AGGRESSIVE;
				CLANG_CXX_LANGUAGE_STANDARD = "gnu++0x";
				CLANG_CXX_LIBRARY = "libc++";
				CLANG_ENABLE_MODULES = YES;
				CLANG_ENABLE_OBJC_ARC = YES;
				CLANG_WARN_BLOCK_CAPTURE_AUTORELEASING = YES;
				CLANG_WARN_BOOL_CONVERSION = YES;
				CLANG_WARN_COMMA = YES;
				CLANG_WARN_CONSTANT_CONVERSION = YES;
				CLANG_WARN_DEPRECATED_OBJC_IMPLEMENTATIONS = YES;
				CLANG_WARN_DIRECT_OBJC_ISA_USAGE = YES_ERROR;
				CLANG_WARN_DOCUMENTATION_COMMENTS = YES;
				CLANG_WARN_EMPTY_BODY = YES;
				CLANG_WARN_ENUM_CONVERSION = YES;
				CLANG_WARN_INFINITE_RECURSION = YES;
				CLANG_WARN_INT_CONVERSION = YES;
				CLANG_WARN_NON_LITERAL_NULL_CONVERSION = YES;
				CLANG_WARN_OBJC_IMPLICIT_RETAIN_SELF = YES;
				CLANG_WARN_OBJC_LITERAL_CONVERSION = YES;
				CLANG_WARN_OBJC_ROOT_CLASS = YES_ERROR;
				CLANG_WARN_RANGE_LOOP_ANALYSIS = YES;
				CLANG_WARN_STRICT_PROTOTYPES = YES;
				CLANG_WARN_SUSPICIOUS_MOVE = YES;
				CLANG_WARN_UNREACHABLE_CODE = YES;
				CLANG_WARN__DUPLICATE_METHOD_MATCH = YES;
				"CODE_SIGN_IDENTITY[sdk=iphoneos*]" = "iPhone Developer";
				COPY_PHASE_STRIP = NO;
				DEBUG_INFORMATION_FORMAT = dwarf;
				ENABLE_STRICT_OBJC_MSGSEND = YES;
				ENABLE_TESTABILITY = YES;
				GCC_C_LANGUAGE_STANDARD = gnu99;
				GCC_DYNAMIC_NO_PIC = NO;
				GCC_NO_COMMON_BLOCKS = YES;
				GCC_OPTIMIZATION_LEVEL = 0;
				GCC_PREPROCESSOR_DEFINITIONS = (
					"DEBUG=1",
					"$(inherited)",
				);
				GCC_WARN_64_TO_32_BIT_CONVERSION = YES;
				GCC_WARN_ABOUT_RETURN_TYPE = YES_ERROR;
				GCC_WARN_UNDECLARED_SELECTOR = YES;
				GCC_WARN_UNINITIALIZED_AUTOS = YES_AGGRESSIVE;
				GCC_WARN_UNUSED_FUNCTION = YES;
				GCC_WARN_UNUSED_VARIABLE = YES;
				IPHONEOS_DEPLOYMENT_TARGET = 10.3;
				MTL_ENABLE_DEBUG_INFO = YES;
				ONLY_ACTIVE_ARCH = YES;
				SDKROOT = iphoneos;
				SWIFT_ACTIVE_COMPILATION_CONDITIONS = DEBUG;
				SWIFT_OPTIMIZATION_LEVEL = "-Onone";
				TARGETED_DEVICE_FAMILY = "1,2";
			};
			name = Debug;
		};
		FA18466A1EBCF3D3003D4E79 /* Release */ = {
			isa = XCBuildConfiguration;
			buildSettings = {
				ALWAYS_SEARCH_USER_PATHS = NO;
				CLANG_ANALYZER_NONNULL = YES;
				CLANG_ANALYZER_NUMBER_OBJECT_CONVERSION = YES_AGGRESSIVE;
				CLANG_CXX_LANGUAGE_STANDARD = "gnu++0x";
				CLANG_CXX_LIBRARY = "libc++";
				CLANG_ENABLE_MODULES = YES;
				CLANG_ENABLE_OBJC_ARC = YES;
				CLANG_WARN_BLOCK_CAPTURE_AUTORELEASING = YES;
				CLANG_WARN_BOOL_CONVERSION = YES;
				CLANG_WARN_COMMA = YES;
				CLANG_WARN_CONSTANT_CONVERSION = YES;
				CLANG_WARN_DEPRECATED_OBJC_IMPLEMENTATIONS = YES;
				CLANG_WARN_DIRECT_OBJC_ISA_USAGE = YES_ERROR;
				CLANG_WARN_DOCUMENTATION_COMMENTS = YES;
				CLANG_WARN_EMPTY_BODY = YES;
				CLANG_WARN_ENUM_CONVERSION = YES;
				CLANG_WARN_INFINITE_RECURSION = YES;
				CLANG_WARN_INT_CONVERSION = YES;
				CLANG_WARN_NON_LITERAL_NULL_CONVERSION = YES;
				CLANG_WARN_OBJC_IMPLICIT_RETAIN_SELF = YES;
				CLANG_WARN_OBJC_LITERAL_CONVERSION = YES;
				CLANG_WARN_OBJC_ROOT_CLASS = YES_ERROR;
				CLANG_WARN_RANGE_LOOP_ANALYSIS = YES;
				CLANG_WARN_STRICT_PROTOTYPES = YES;
				CLANG_WARN_SUSPICIOUS_MOVE = YES;
				CLANG_WARN_UNREACHABLE_CODE = YES;
				CLANG_WARN__DUPLICATE_METHOD_MATCH = YES;
				"CODE_SIGN_IDENTITY[sdk=iphoneos*]" = "iPhone Developer";
				COPY_PHASE_STRIP = NO;
				DEBUG_INFORMATION_FORMAT = "dwarf-with-dsym";
				ENABLE_NS_ASSERTIONS = NO;
				ENABLE_STRICT_OBJC_MSGSEND = YES;
				GCC_C_LANGUAGE_STANDARD = gnu99;
				GCC_NO_COMMON_BLOCKS = YES;
				GCC_WARN_64_TO_32_BIT_CONVERSION = YES;
				GCC_WARN_ABOUT_RETURN_TYPE = YES_ERROR;
				GCC_WARN_UNDECLARED_SELECTOR = YES;
				GCC_WARN_UNINITIALIZED_AUTOS = YES_AGGRESSIVE;
				GCC_WARN_UNUSED_FUNCTION = YES;
				GCC_WARN_UNUSED_VARIABLE = YES;
				IPHONEOS_DEPLOYMENT_TARGET = 10.3;
				MTL_ENABLE_DEBUG_INFO = NO;
				SDKROOT = iphoneos;
				SWIFT_OPTIMIZATION_LEVEL = "-Owholemodule";
				TARGETED_DEVICE_FAMILY = "1,2";
				VALIDATE_PRODUCT = YES;
			};
			name = Release;
		};
		FA18466C1EBCF3D3003D4E79 /* Debug */ = {
			isa = XCBuildConfiguration;
			buildSettings = {
				ASSETCATALOG_COMPILER_APPICON_NAME = AppIcon;
				DEVELOPMENT_TEAM = JEW4ZQXUL9;
				INFOPLIST_FILE = SampleApp/Info.plist;
				IPHONEOS_DEPLOYMENT_TARGET = 10.0;
				LD_RUNPATH_SEARCH_PATHS = "$(inherited) @executable_path/Frameworks";
				PRODUCT_BUNDLE_IDENTIFIER = ro.bartis.SampleApp;
				PRODUCT_NAME = "$(TARGET_NAME)";
				SWIFT_VERSION = 4.0;
			};
			name = Debug;
		};
		FA18466D1EBCF3D3003D4E79 /* Release */ = {
			isa = XCBuildConfiguration;
			buildSettings = {
				ASSETCATALOG_COMPILER_APPICON_NAME = AppIcon;
				DEVELOPMENT_TEAM = JEW4ZQXUL9;
				INFOPLIST_FILE = SampleApp/Info.plist;
				IPHONEOS_DEPLOYMENT_TARGET = 10.0;
				LD_RUNPATH_SEARCH_PATHS = "$(inherited) @executable_path/Frameworks";
				PRODUCT_BUNDLE_IDENTIFIER = ro.bartis.SampleApp;
				PRODUCT_NAME = "$(TARGET_NAME)";
				SWIFT_VERSION = 4.0;
			};
			name = Release;
		};
/* End XCBuildConfiguration section */

/* Begin XCConfigurationList section */
		FA1846541EBCF3D2003D4E79 /* Build configuration list for PBXProject "SampleApp" */ = {
			isa = XCConfigurationList;
			buildConfigurations = (
				FA1846691EBCF3D3003D4E79 /* Debug */,
				FA18466A1EBCF3D3003D4E79 /* Release */,
			);
			defaultConfigurationIsVisible = 0;
			defaultConfigurationName = Release;
		};
		FA18466B1EBCF3D3003D4E79 /* Build configuration list for PBXNativeTarget "SampleApp" */ = {
			isa = XCConfigurationList;
			buildConfigurations = (
				FA18466C1EBCF3D3003D4E79 /* Debug */,
				FA18466D1EBCF3D3003D4E79 /* Release */,
			);
			defaultConfigurationIsVisible = 0;
			defaultConfigurationName = Release;
		};
/* End XCConfigurationList section */
	};
	rootObject = FA1846511EBCF3D2003D4E79 /* Project object */;
}
